
Microsoft Visual Studio Solution File, Format Version 12.00
# Visual Studio Version 17
VisualStudioVersion = 17.9.34701.34
MinimumVisualStudioVersion = 10.0.40219.1
Project("{FAE04EC0-301F-11D3-BF4B-00C04F79EFBC}") = "JwtAuthLib", "JwtAuthLib.csproj", "{C98F3976-D5F3-4CD7-B9C8-72B67F5860C5}"
EndProject
Global
	GlobalSection(SolutionConfigurationPlatforms) = preSolution
		Debug|Any CPU = Debug|Any CPU
		Release|Any CPU = Release|Any CPU
	EndGlobalSection
	GlobalSection(ProjectConfigurationPlatforms) = postSolution
		{C98F3976-D5F3-4CD7-B9C8-72B67F5860C5}.Debug|Any CPU.ActiveCfg = Debug|Any CPU
		{C98F3976-D5F3-4CD7-B9C8-72B67F5860C5}.Debug|Any CPU.Build.0 = Debug|Any CPU
		{C98F3976-D5F3-4CD7-B9C8-72B67F5860C5}.Release|Any CPU.ActiveCfg = Release|Any CPU
		{C98F3976-D5F3-4CD7-B9C8-72B67F5860C5}.Release|Any CPU.Build.0 = Release|Any CPU
	EndGlobalSection
	GlobalSection(SolutionProperties) = preSolution
		HideSolutionNode = FALSE
	EndGlobalSection
	GlobalSection(ExtensibilityGlobals) = postSolution
		SolutionGuid = {F5B54001-824F-4C20-ABD2-1C380F4FBDC6}
	EndGlobalSection
EndGlobal
